
Microsoft Visual Studio Solution File, Format Version 11.00
# Visual Studio 2010
Project("{F184B08F-C81C-45F6-A57F-5ABD9991F28F}") = "PianoTest", "PianoTest\PianoTest.vbproj", "{862B59AF-558F-4F06-B9CE-FD2990AF5576}"
EndProject
Global
	GlobalSection(SolutionConfigurationPlatforms) = preSolution
		Debug|x86 = Debug|x86
		Release|x86 = Release|x86
	EndGlobalSection
	GlobalSection(ProjectConfigurationPlatforms) = postSolution
		{862B59AF-558F-4F06-B9CE-FD2990AF5576}.Debug|x86.ActiveCfg = Debug|x86
		{862B59AF-558F-4F06-B9CE-FD2990AF5576}.Debug|x86.Build.0 = Debug|x86
		{862B59AF-558F-4F06-B9CE-FD2990AF5576}.Release|x86.ActiveCfg = Release|x86
		{862B59AF-558F-4F06-B9CE-FD2990AF5576}.Release|x86.Build.0 = Release|x86
	EndGlobalSection
	GlobalSection(SolutionProperties) = preSolution
		HideSolutionNode = FALSE
	EndGlobalSection
EndGlobal
